
Microsoft Visual Studio Solution File, Format Version 12.00
# Visual Studio Version 17
VisualStudioVersion = 17.4.33205.214
MinimumVisualStudioVersion = 10.0.40219.1
Project("{9A19103F-16F7-4668-BE54-9A1E7A4F7556}") = "APICatalago", "APICatalago\APICatalago.csproj", "{49A19D9C-E6DF-4B6A-80A2-C69116BFC28C}"
EndProject
Global
	GlobalSection(SolutionConfigurationPlatforms) = preSolution
		Debug|Any CPU = Debug|Any CPU
		Release|Any CPU = Release|Any CPU
	EndGlobalSection
	GlobalSection(ProjectConfigurationPlatforms) = postSolution
		{49A19D9C-E6DF-4B6A-80A2-C69116BFC28C}.Debug|Any CPU.ActiveCfg = Debug|Any CPU
		{49A19D9C-E6DF-4B6A-80A2-C69116BFC28C}.Debug|Any CPU.Build.0 = Debug|Any CPU
		{49A19D9C-E6DF-4B6A-80A2-C69116BFC28C}.Release|Any CPU.ActiveCfg = Release|Any CPU
		{49A19D9C-E6DF-4B6A-80A2-C69116BFC28C}.Release|Any CPU.Build.0 = Release|Any CPU
	EndGlobalSection
	GlobalSection(SolutionProperties) = preSolution
		HideSolutionNode = FALSE
	EndGlobalSection
	GlobalSection(ExtensibilityGlobals) = postSolution
		SolutionGuid = {8BB69636-2C0B-4542-A7C4-00ABE48CDED1}
	EndGlobalSection
EndGlobal
